
Microsoft Visual Studio Solution File, Format Version 12.00
# Visual Studio Version 17
VisualStudioVersion = 17.8.34309.116
MinimumVisualStudioVersion = 10.0.40219.1
Project("{FAE04EC0-301F-11D3-BF4B-00C04F79EFBC}") = "Calculator", "Calculator\Calculator.csproj", "{C1BE9D9B-42EF-43B6-9938-46D7625F3FA8}"
EndProject
Global
	GlobalSection(SolutionConfigurationPlatforms) = preSolution
		Debug|Any CPU = Debug|Any CPU
		Release|Any CPU = Release|Any CPU
	EndGlobalSection
	GlobalSection(ProjectConfigurationPlatforms) = postSolution
		{C1BE9D9B-42EF-43B6-9938-46D7625F3FA8}.Debug|Any CPU.ActiveCfg = Debug|Any CPU
		{C1BE9D9B-42EF-43B6-9938-46D7625F3FA8}.Debug|Any CPU.Build.0 = Debug|Any CPU
		{C1BE9D9B-42EF-43B6-9938-46D7625F3FA8}.Release|Any CPU.ActiveCfg = Release|Any CPU
		{C1BE9D9B-42EF-43B6-9938-46D7625F3FA8}.Release|Any CPU.Build.0 = Release|Any CPU
	EndGlobalSection
	GlobalSection(SolutionProperties) = preSolution
		HideSolutionNode = FALSE
	EndGlobalSection
	GlobalSection(ExtensibilityGlobals) = postSolution
		SolutionGuid = {76948BFD-E631-4B03-B838-95D78187F1E5}
	EndGlobalSection
EndGlobal
